
Microsoft Visual Studio Solution File, Format Version 12.00
# Visual Studio Version 17
VisualStudioVersion = 17.9.34622.214
MinimumVisualStudioVersion = 10.0.40219.1
Project("{9A19103F-16F7-4668-BE54-9A1E7A4F7556}") = "LoginService", "SleepChat\LoginService.csproj", "{34468FCE-D693-4081-990A-131FCCF51C7C}"
EndProject
Project("{2150E333-8FDC-42A3-9474-1A3956D46DE8}") = "Services", "Services", "{05D599A1-4CED-4402-AA4F-09CC9BA8028E}"
EndProject
Project("{9A19103F-16F7-4668-BE54-9A1E7A4F7556}") = "UserService", "UserService\UserService.csproj", "{A06CE441-6039-453E-B925-AC17708C9E7F}"
EndProject
Project("{9A19103F-16F7-4668-BE54-9A1E7A4F7556}") = "GatewayApi", "GatewayApi\GatewayApi.csproj", "{8DB091C0-13C3-4F70-991A-3085875B524E}"
EndProject
Project("{2150E333-8FDC-42A3-9474-1A3956D46DE8}") = "WebHost.Costumization", "WebHost.Costumization", "{59B33236-EBA9-4EB2-A310-4447C2F970FF}"
EndProject
Project("{9A19103F-16F7-4668-BE54-9A1E7A4F7556}") = "WebHostExtensions", "WebHostExtensions\WebHostExtensions.csproj", "{BD81FDE8-1391-4F12-97CA-BDEC52A9C64D}"
EndProject
Project("{9A19103F-16F7-4668-BE54-9A1E7A4F7556}") = "SecurityServiceApi", "SecurityServiceApi\SecurityServiceApi.csproj", "{04AE12A6-6991-4551-8E42-43959C9873AB}"
EndProject
Project("{2150E333-8FDC-42A3-9474-1A3956D46DE8}") = "Repository", "Repository", "{33B3098C-E258-4A30-9947-69514857C372}"
EndProject
Project("{FAE04EC0-301F-11D3-BF4B-00C04F79EFBC}") = "KeysRepository", "KeysRepository\KeysRepository.csproj", "{361A8B20-68BD-45EC-83E4-D1EC99293B8D}"
EndProject
Global
	GlobalSection(SolutionConfigurationPlatforms) = preSolution
		Debug|Any CPU = Debug|Any CPU
		Release|Any CPU = Release|Any CPU
	EndGlobalSection
	GlobalSection(ProjectConfigurationPlatforms) = postSolution
		{34468FCE-D693-4081-990A-131FCCF51C7C}.Debug|Any CPU.ActiveCfg = Debug|Any CPU
		{34468FCE-D693-4081-990A-131FCCF51C7C}.Debug|Any CPU.Build.0 = Debug|Any CPU
		{34468FCE-D693-4081-990A-131FCCF51C7C}.Release|Any CPU.ActiveCfg = Release|Any CPU
		{34468FCE-D693-4081-990A-131FCCF51C7C}.Release|Any CPU.Build.0 = Release|Any CPU
		{A06CE441-6039-453E-B925-AC17708C9E7F}.Debug|Any CPU.ActiveCfg = Debug|Any CPU
		{A06CE441-6039-453E-B925-AC17708C9E7F}.Debug|Any CPU.Build.0 = Debug|Any CPU
		{A06CE441-6039-453E-B925-AC17708C9E7F}.Release|Any CPU.ActiveCfg = Release|Any CPU
		{A06CE441-6039-453E-B925-AC17708C9E7F}.Release|Any CPU.Build.0 = Release|Any CPU
		{8DB091C0-13C3-4F70-991A-3085875B524E}.Debug|Any CPU.ActiveCfg = Debug|Any CPU
		{8DB091C0-13C3-4F70-991A-3085875B524E}.Debug|Any CPU.Build.0 = Debug|Any CPU
		{8DB091C0-13C3-4F70-991A-3085875B524E}.Release|Any CPU.ActiveCfg = Release|Any CPU
		{8DB091C0-13C3-4F70-991A-3085875B524E}.Release|Any CPU.Build.0 = Release|Any CPU
		{BD81FDE8-1391-4F12-97CA-BDEC52A9C64D}.Debug|Any CPU.ActiveCfg = Debug|Any CPU
		{BD81FDE8-1391-4F12-97CA-BDEC52A9C64D}.Debug|Any CPU.Build.0 = Debug|Any CPU
		{BD81FDE8-1391-4F12-97CA-BDEC52A9C64D}.Release|Any CPU.ActiveCfg = Release|Any CPU
		{BD81FDE8-1391-4F12-97CA-BDEC52A9C64D}.Release|Any CPU.Build.0 = Release|Any CPU
		{04AE12A6-6991-4551-8E42-43959C9873AB}.Debug|Any CPU.ActiveCfg = Debug|Any CPU
		{04AE12A6-6991-4551-8E42-43959C9873AB}.Debug|Any CPU.Build.0 = Debug|Any CPU
		{04AE12A6-6991-4551-8E42-43959C9873AB}.Release|Any CPU.ActiveCfg = Release|Any CPU
		{04AE12A6-6991-4551-8E42-43959C9873AB}.Release|Any CPU.Build.0 = Release|Any CPU
		{361A8B20-68BD-45EC-83E4-D1EC99293B8D}.Debug|Any CPU.ActiveCfg = Debug|Any CPU
		{361A8B20-68BD-45EC-83E4-D1EC99293B8D}.Debug|Any CPU.Build.0 = Debug|Any CPU
		{361A8B20-68BD-45EC-83E4-D1EC99293B8D}.Release|Any CPU.ActiveCfg = Release|Any CPU
		{361A8B20-68BD-45EC-83E4-D1EC99293B8D}.Release|Any CPU.Build.0 = Release|Any CPU
	EndGlobalSection
	GlobalSection(SolutionProperties) = preSolution
		HideSolutionNode = FALSE
	EndGlobalSection
	GlobalSection(NestedProjects) = preSolution
		{34468FCE-D693-4081-990A-131FCCF51C7C} = {05D599A1-4CED-4402-AA4F-09CC9BA8028E}
		{A06CE441-6039-453E-B925-AC17708C9E7F} = {05D599A1-4CED-4402-AA4F-09CC9BA8028E}
		{8DB091C0-13C3-4F70-991A-3085875B524E} = {05D599A1-4CED-4402-AA4F-09CC9BA8028E}
		{BD81FDE8-1391-4F12-97CA-BDEC52A9C64D} = {59B33236-EBA9-4EB2-A310-4447C2F970FF}
		{04AE12A6-6991-4551-8E42-43959C9873AB} = {05D599A1-4CED-4402-AA4F-09CC9BA8028E}
		{361A8B20-68BD-45EC-83E4-D1EC99293B8D} = {33B3098C-E258-4A30-9947-69514857C372}
	EndGlobalSection
	GlobalSection(ExtensibilityGlobals) = postSolution
		SolutionGuid = {13CE22BB-0B00-469B-9CF3-E40E7DBC490B}
	EndGlobalSection
EndGlobal
